
Microsoft Visual Studio Solution File, Format Version 12.00
# Visual Studio 15
Project("{FAE04EC0-301F-11D3-BF4B-00C04F79EFBC}") = "Assembly-CSharp", "Assembly-CSharp.csproj", "{7039324E-98A9-F65F-3699-DA77F642497B}"
EndProject
Global
	GlobalSection(SolutionConfigurationPlatforms) = preSolution
		Debug|Any CPU = Debug|Any CPU
		Release|Any CPU = Release|Any CPU
	EndGlobalSection
	GlobalSection(ProjectConfigurationPlatforms) = postSolution
		{7039324E-98A9-F65F-3699-DA77F642497B}.Debug|Any CPU.ActiveCfg = Debug|Any CPU
		{7039324E-98A9-F65F-3699-DA77F642497B}.Debug|Any CPU.Build.0 = Debug|Any CPU
		{7039324E-98A9-F65F-3699-DA77F642497B}.Release|Any CPU.ActiveCfg = Release|Any CPU
		{7039324E-98A9-F65F-3699-DA77F642497B}.Release|Any CPU.Build.0 = Release|Any CPU
	EndGlobalSection
	GlobalSection(SolutionProperties) = preSolution
		HideSolutionNode = FALSE
	EndGlobalSection
EndGlobal
